
Microsoft Visual Studio Solution File, Format Version 12.00
# Visual Studio Version 16
VisualStudioVersion = 16.0.29709.97
MinimumVisualStudioVersion = 10.0.40219.1
Project("{FAE04EC0-301F-11D3-BF4B-00C04F79EFBC}") = "CUITve", "CUITve\CUITve.csproj", "{BF7F9F93-D5FA-4AA7-A04B-8BA348A8AE45}"
EndProject
Global
	GlobalSection(SolutionConfigurationPlatforms) = preSolution
		Debug|Any CPU = Debug|Any CPU
		Release|Any CPU = Release|Any CPU
	EndGlobalSection
	GlobalSection(ProjectConfigurationPlatforms) = postSolution
		{BF7F9F93-D5FA-4AA7-A04B-8BA348A8AE45}.Debug|Any CPU.ActiveCfg = Debug|Any CPU
		{BF7F9F93-D5FA-4AA7-A04B-8BA348A8AE45}.Debug|Any CPU.Build.0 = Debug|Any CPU
		{BF7F9F93-D5FA-4AA7-A04B-8BA348A8AE45}.Release|Any CPU.ActiveCfg = Release|Any CPU
		{BF7F9F93-D5FA-4AA7-A04B-8BA348A8AE45}.Release|Any CPU.Build.0 = Release|Any CPU
	EndGlobalSection
	GlobalSection(SolutionProperties) = preSolution
		HideSolutionNode = FALSE
	EndGlobalSection
	GlobalSection(ExtensibilityGlobals) = postSolution
		SolutionGuid = {D6DFC7CE-2D55-4CDD-AFAD-883B656A4853}
	EndGlobalSection
EndGlobal
